
Microsoft Visual Studio Solution File, Format Version 12.00
# Visual Studio Version 16
VisualStudioVersion = 16.0.29102.190
MinimumVisualStudioVersion = 10.0.40219.1
Project("{9A19103F-16F7-4668-BE54-9A1E7A4F7556}") = "func-swagger-test", "func-swagger-test.csproj", "{FC69204E-02D9-4F33-A237-460D98CB5B14}"
EndProject
Global
	GlobalSection(SolutionConfigurationPlatforms) = preSolution
		Debug|Any CPU = Debug|Any CPU
		Release|Any CPU = Release|Any CPU
	EndGlobalSection
	GlobalSection(ProjectConfigurationPlatforms) = postSolution
		{FC69204E-02D9-4F33-A237-460D98CB5B14}.Debug|Any CPU.ActiveCfg = Debug|Any CPU
		{FC69204E-02D9-4F33-A237-460D98CB5B14}.Debug|Any CPU.Build.0 = Debug|Any CPU
		{FC69204E-02D9-4F33-A237-460D98CB5B14}.Release|Any CPU.ActiveCfg = Release|Any CPU
		{FC69204E-02D9-4F33-A237-460D98CB5B14}.Release|Any CPU.Build.0 = Release|Any CPU
	EndGlobalSection
	GlobalSection(SolutionProperties) = preSolution
		HideSolutionNode = FALSE
	EndGlobalSection
	GlobalSection(ExtensibilityGlobals) = postSolution
		SolutionGuid = {558F27C2-E2F9-49AE-A51B-08238F6A7CA5}
	EndGlobalSection
EndGlobal
